PODS:
  - Capacitor (6.1.0):
    - CapacitorCordova
  - CapacitorCordova (6.1.0)
  - CapacitorPluginSafeArea (3.0.1):
    - Capacitor
  - CapacitorSplashScreen (6.0.1):
    - Capacitor

DEPENDENCIES:
  - "Capacitor (from `../../node_modules/@capacitor/ios`)"
  - "CapacitorCordova (from `../../node_modules/@capacitor/ios`)"
  - CapacitorPluginSafeArea (from `../../node_modules/capacitor-plugin-safe-area`)
  - "CapacitorSplashScreen (from `../../node_modules/@capacitor/splash-screen`)"

EXTERNAL SOURCES:
  Capacitor:
    :path: "../../node_modules/@capacitor/ios"
  CapacitorCordova:
    :path: "../../node_modules/@capacitor/ios"
  CapacitorPluginSafeArea:
    :path: "../../node_modules/capacitor-plugin-safe-area"
  CapacitorSplashScreen:
    :path: "../../node_modules/@capacitor/splash-screen"

SPEC CHECKSUMS:
  Capacitor: 187bd7847b6f71467015a20200a1a071be3e5f14
  CapacitorCordova: be703980ca797f847c3356f78fa175d21c8330c2
  CapacitorPluginSafeArea: b99681e1d9986ae1c059ca0e1b5e7025916e5e04
  CapacitorSplashScreen: 61645214e8f955ff2b80f16a6a3648960fe4c89f

PODFILE CHECKSUM: 19d30be755b35c4509790dd49c4289bdbcd1f504

COCOAPODS: 1.15.2
